// !$*UTF8*$!
{
	archiveVersion = 1;
	classes = {
	};
	objectVersion = 56;
	objects = {

/* Begin PBXBuildFile section */
		D07E8B102CA22E8B00C7E124 /* SDWebImageSwiftUI in Frameworks */ = {isa = PBXBuildFile; productRef = D07E8B0F2CA22E8B00C7E124 /* SDWebImageSwiftUI */; };
		D07E8B162CA2449000C7E124 /* ZIPFoundation in Frameworks */ = {isa = PBXBuildFile; productRef = D07E8B152CA2449000C7E124 /* ZIPFoundation */; };
		D07E8B1E2CA249D600C7E124 /* KeyboardHandler.swift in Sources */ = {isa = PBXBuildFile; fileRef = D07E8B172CA249D600C7E124 /* KeyboardHandler.swift */; };
		D07E8B1F2CA249D600C7E124 /* SliderView.swift in Sources */ = {isa = PBXBuildFile; fileRef = D07E8B182CA249D600C7E124 /* SliderView.swift */; };
		D07E8B222CA249D600C7E124 /* ImageLoader.swift in Sources */ = {isa = PBXBuildFile; fileRef = D07E8B1B2CA249D600C7E124 /* ImageLoader.swift */; };
		D07E8B232CA249D600C7E124 /* NectarViewApp.swift in Sources */ = {isa = PBXBuildFile; fileRef = D07E8B1C2CA249D600C7E124 /* NectarViewApp.swift */; };
		D07E8B242CA249D600C7E124 /* ContentView+Menus.swift in Sources */ = {isa = PBXBuildFile; fileRef = D07E8B1D2CA249D600C7E124 /* ContentView+Menus.swift */; };
		D07E8B282CA24E2F00C7E124 /* CustomSliderView.swift in Sources */ = {isa = PBXBuildFile; fileRef = D07E8B272CA24E2F00C7E124 /* CustomSliderView.swift */; };
		D07E8B2A2CA2597400C7E124 /* AppSettings.swift in Sources */ = {isa = PBXBuildFile; fileRef = D07E8B292CA2597400C7E124 /* AppSettings.swift */; };
		D07E8B2C2CA2598E00C7E124 /* SettingsView.swift in Sources */ = {isa = PBXBuildFile; fileRef = D07E8B2B2CA2598E00C7E124 /* SettingsView.swift */; };
		D0AABEC42CA22D0E00878C45 /* ContentView.swift in Sources */ = {isa = PBXBuildFile; fileRef = D0AABEC32CA22D0E00878C45 /* ContentView.swift */; };
		D0AABEC62CA22D0E00878C45 /* Item.swift in Sources */ = {isa = PBXBuildFile; fileRef = D0AABEC52CA22D0E00878C45 /* Item.swift */; };
		D0AABEC82CA22D0F00878C45 /* Assets.xcassets in Resources */ = {isa = PBXBuildFile; fileRef = D0AABEC72CA22D0F00878C45 /* Assets.xcassets */; };
		D0AABECB2CA22D0F00878C45 /* Preview Assets.xcassets in Resources */ = {isa = PBXBuildFile; fileRef = D0AABECA2CA22D0F00878C45 /* Preview Assets.xcassets */; };
		D0AABED62CA22D0F00878C45 /* NectarViewTests.swift in Sources */ = {isa = PBXBuildFile; fileRef = D0AABED52CA22D0F00878C45 /* NectarViewTests.swift */; };
		D0AABEE02CA22D0F00878C45 /* NectarViewUITests.swift in Sources */ = {isa = PBXBuildFile; fileRef = D0AABEDF2CA22D0F00878C45 /* NectarViewUITests.swift */; };
		D0AABEE22CA22D0F00878C45 /* NectarViewUITestsLaunchTests.swift in Sources */ = {isa = PBXBuildFile; fileRef = D0AABEE12CA22D0F00878C45 /* NectarViewUITestsLaunchTests.swift */; };
/* End PBXBuildFile section */

/* Begin PBXContainerItemProxy section */
		D0AABED22CA22D0F00878C45 /* PBXContainerItemProxy */ = {
			isa = PBXContainerItemProxy;
			containerPortal = D0AABEB62CA22D0E00878C45 /* Project object */;
			proxyType = 1;
			remoteGlobalIDString = D0AABEBD2CA22D0E00878C45;
			remoteInfo = NectarView;
		};
		D0AABEDC2CA22D0F00878C45 /* PBXContainerItemProxy */ = {
			isa = PBXContainerItemProxy;
			containerPortal = D0AABEB62CA22D0E00878C45 /* Project object */;
			proxyType = 1;
			remoteGlobalIDString = D0AABEBD2CA22D0E00878C45;
			remoteInfo = NectarView;
		};
/* End PBXContainerItemProxy section */

/* Begin PBXFileReference section */
		D07E8B172CA249D600C7E124 /* KeyboardHandler.swift */ = {isa = PBXFileReference; fileEncoding = 4; lastKnownFileType = sourcecode.swift; path = KeyboardHandler.swift; sourceTree = "<group>"; };
		D07E8B182CA249D600C7E124 /* SliderView.swift */ = {isa = PBXFileReference; fileEncoding = 4; lastKnownFileType = sourcecode.swift; path = SliderView.swift; sourceTree = "<group>"; };
		D07E8B1B2CA249D600C7E124 /* ImageLoader.swift */ = {isa = PBXFileReference; fileEncoding = 4; lastKnownFileType = sourcecode.swift; path = ImageLoader.swift; sourceTree = "<group>"; };
		D07E8B1C2CA249D600C7E124 /* NectarViewApp.swift */ = {isa = PBXFileReference; fileEncoding = 4; lastKnownFileType = sourcecode.swift; path = NectarViewApp.swift; sourceTree = "<group>"; };
		D07E8B1D2CA249D600C7E124 /* ContentView+Menus.swift */ = {isa = PBXFileReference; fileEncoding = 4; lastKnownFileType = sourcecode.swift; path = "ContentView+Menus.swift"; sourceTree = "<group>"; };
		D07E8B272CA24E2F00C7E124 /* CustomSliderView.swift */ = {isa = PBXFileReference; fileEncoding = 4; lastKnownFileType = sourcecode.swift; path = CustomSliderView.swift; sourceTree = "<group>"; };
		D07E8B292CA2597400C7E124 /* AppSettings.swift */ = {isa = PBXFileReference; fileEncoding = 4; lastKnownFileType = sourcecode.swift; path = AppSettings.swift; sourceTree = "<group>"; };
		D07E8B2B2CA2598E00C7E124 /* SettingsView.swift */ = {isa = PBXFileReference; fileEncoding = 4; lastKnownFileType = sourcecode.swift; path = SettingsView.swift; sourceTree = "<group>"; };
		D0AABEBE2CA22D0E00878C45 /* NectarView.app */ = {isa = PBXFileReference; explicitFileType = wrapper.application; includeInIndex = 0; path = NectarView.app; sourceTree = BUILT_PRODUCTS_DIR; };
		D0AABEC32CA22D0E00878C45 /* ContentView.swift */ = {isa = PBXFileReference; lastKnownFileType = sourcecode.swift; path = ContentView.swift; sourceTree = "<group>"; };
		D0AABEC52CA22D0E00878C45 /* Item.swift */ = {isa = PBXFileReference; lastKnownFileType = sourcecode.swift; path = Item.swift; sourceTree = "<group>"; };
		D0AABEC72CA22D0F00878C45 /* Assets.xcassets */ = {isa = PBXFileReference; lastKnownFileType = folder.assetcatalog; path = Assets.xcassets; sourceTree = "<group>"; };
		D0AABECA2CA22D0F00878C45 /* Preview Assets.xcassets */ = {isa = PBXFileReference; lastKnownFileType = folder.assetcatalog; path = "Preview Assets.xcassets"; sourceTree = "<group>"; };
		D0AABECC2CA22D0F00878C45 /* NectarView.entitlements */ = {isa = PBXFileReference; lastKnownFileType = text.plist.entitlements; path = NectarView.entitlements; sourceTree = "<group>"; };
		D0AABED12CA22D0F00878C45 /* NectarViewTests.xctest */ = {isa = PBXFileReference; explicitFileType = wrapper.cfbundle; includeInIndex = 0; path = NectarViewTests.xctest; sourceTree = BUILT_PRODUCTS_DIR; };
		D0AABED52CA22D0F00878C45 /* NectarViewTests.swift */ = {isa = PBXFileReference; lastKnownFileType = sourcecode.swift; path = NectarViewTests.swift; sourceTree = "<group>"; };
		D0AABEDB2CA22D0F00878C45 /* NectarViewUITests.xctest */ = {isa = PBXFileReference; explicitFileType = wrapper.cfbundle; includeInIndex = 0; path = NectarViewUITests.xctest; sourceTree = BUILT_PRODUCTS_DIR; };
		D0AABEDF2CA22D0F00878C45 /* NectarViewUITests.swift */ = {isa = PBXFileReference; lastKnownFileType = sourcecode.swift; path = NectarViewUITests.swift; sourceTree = "<group>"; };
		D0AABEE12CA22D0F00878C45 /* NectarViewUITestsLaunchTests.swift */ = {isa = PBXFileReference; lastKnownFileType = sourcecode.swift; path = NectarViewUITestsLaunchTests.swift; sourceTree = "<group>"; };
/* End PBXFileReference section */

/* Begin PBXFrameworksBuildPhase section */
		D0AABEBB2CA22D0E00878C45 /* Frameworks */ = {
			isa = PBXFrameworksBuildPhase;
			buildActionMask = 2147483647;
			files = (
				D07E8B102CA22E8B00C7E124 /* SDWebImageSwiftUI in Frameworks */,
				D07E8B162CA2449000C7E124 /* ZIPFoundation in Frameworks */,
			);
			runOnlyForDeploymentPostprocessing = 0;
		};
		D0AABECE2CA22D0F00878C45 /* Frameworks */ = {
			isa = PBXFrameworksBuildPhase;
			buildActionMask = 2147483647;
			files = (
			);
			runOnlyForDeploymentPostprocessing = 0;
		};
		D0AABED82CA22D0F00878C45 /* Frameworks */ = {
			isa = PBXFrameworksBuildPhase;
			buildActionMask = 2147483647;
			files = (
			);
			runOnlyForDeploymentPostprocessing = 0;
		};
/* End PBXFrameworksBuildPhase section */

/* Begin PBXGroup section */
		D0AABEB52CA22D0E00878C45 = {
			isa = PBXGroup;
			children = (
				D0AABEC02CA22D0E00878C45 /* NectarView */,
				D0AABED42CA22D0F00878C45 /* NectarViewTests */,
				D0AABEDE2CA22D0F00878C45 /* NectarViewUITests */,
				D0AABEBF2CA22D0E00878C45 /* Products */,
			);
			sourceTree = "<group>";
		};
		D0AABEBF2CA22D0E00878C45 /* Products */ = {
			isa = PBXGroup;
			children = (
				D0AABEBE2CA22D0E00878C45 /* NectarView.app */,
				D0AABED12CA22D0F00878C45 /* NectarViewTests.xctest */,
				D0AABEDB2CA22D0F00878C45 /* NectarViewUITests.xctest */,
			);
			name = Products;
			sourceTree = "<group>";
		};
		D0AABEC02CA22D0E00878C45 /* NectarView */ = {
			isa = PBXGroup;
			children = (
				D07E8B292CA2597400C7E124 /* AppSettings.swift */,
				D0AABEC32CA22D0E00878C45 /* ContentView.swift */,
				D07E8B1D2CA249D600C7E124 /* ContentView+Menus.swift */,
				D07E8B2B2CA2598E00C7E124 /* SettingsView.swift */,
				D07E8B272CA24E2F00C7E124 /* CustomSliderView.swift */,
				D07E8B1B2CA249D600C7E124 /* ImageLoader.swift */,
				D0AABEC52CA22D0E00878C45 /* Item.swift */,
				D07E8B172CA249D600C7E124 /* KeyboardHandler.swift */,
				D07E8B1C2CA249D600C7E124 /* NectarViewApp.swift */,
				D07E8B182CA249D600C7E124 /* SliderView.swift */,
				D0AABEC72CA22D0F00878C45 /* Assets.xcassets */,
				D0AABECC2CA22D0F00878C45 /* NectarView.entitlements */,
				D0AABEC92CA22D0F00878C45 /* Preview Content */,
			);
			path = NectarView;
			sourceTree = "<group>";
		};
		D0AABEC92CA22D0F00878C45 /* Preview Content */ = {
			isa = PBXGroup;
			children = (
				D0AABECA2CA22D0F00878C45 /* Preview Assets.xcassets */,
			);
			path = "Preview Content";
			sourceTree = "<group>";
		};
		D0AABED42CA22D0F00878C45 /* NectarViewTests */ = {
			isa = PBXGroup;
			children = (
				D0AABED52CA22D0F00878C45 /* NectarViewTests.swift */,
			);
			path = NectarViewTests;
			sourceTree = "<group>";
		};
		D0AABEDE2CA22D0F00878C45 /* NectarViewUITests */ = {
			isa = PBXGroup;
			children = (
				D0AABEDF2CA22D0F00878C45 /* NectarViewUITests.swift */,
				D0AABEE12CA22D0F00878C45 /* NectarViewUITestsLaunchTests.swift */,
			);
			path = NectarViewUITests;
			sourceTree = "<group>";
		};
/* End PBXGroup section */

/* Begin PBXNativeTarget section */
		D0AABEBD2CA22D0E00878C45 /* NectarView */ = {
			isa = PBXNativeTarget;
			buildConfigurationList = D0AABEE52CA22D0F00878C45 /* Build configuration list for PBXNativeTarget "NectarView" */;
			buildPhases = (
				D0AABEBA2CA22D0E00878C45 /* Sources */,
				D0AABEBB2CA22D0E00878C45 /* Frameworks */,
				D0AABEBC2CA22D0E00878C45 /* Resources */,
			);
			buildRules = (
			);
			dependencies = (
			);
			name = NectarView;
			packageProductDependencies = (
				D07E8B0F2CA22E8B00C7E124 /* SDWebImageSwiftUI */,
				D07E8B152CA2449000C7E124 /* ZIPFoundation */,
			);
			productName = NectarView;
			productReference = D0AABEBE2CA22D0E00878C45 /* NectarView.app */;
			productType = "com.apple.product-type.application";
		};
		D0AABED02CA22D0F00878C45 /* NectarViewTests */ = {
			isa = PBXNativeTarget;
			buildConfigurationList = D0AABEE82CA22D0F00878C45 /* Build configuration list for PBXNativeTarget "NectarViewTests" */;
			buildPhases = (
				D0AABECD2CA22D0F00878C45 /* Sources */,
				D0AABECE2CA22D0F00878C45 /* Frameworks */,
				D0AABECF2CA22D0F00878C45 /* Resources */,
			);
			buildRules = (
			);
			dependencies = (
				D0AABED32CA22D0F00878C45 /* PBXTargetDependency */,
			);
			name = NectarViewTests;
			productName = NectarViewTests;
			productReference = D0AABED12CA22D0F00878C45 /* NectarViewTests.xctest */;
			productType = "com.apple.product-type.bundle.unit-test";
		};
		D0AABEDA2CA22D0F00878C45 /* NectarViewUITests */ = {
			isa = PBXNativeTarget;
			buildConfigurationList = D0AABEEB2CA22D0F00878C45 /* Build configuration list for PBXNativeTarget "NectarViewUITests" */;
			buildPhases = (
				D0AABED72CA22D0F00878C45 /* Sources */,
				D0AABED82CA22D0F00878C45 /* Frameworks */,
				D0AABED92CA22D0F00878C45 /* Resources */,
			);
			buildRules = (
			);
			dependencies = (
				D0AABEDD2CA22D0F00878C45 /* PBXTargetDependency */,
			);
			name = NectarViewUITests;
			productName = NectarViewUITests;
			productReference = D0AABEDB2CA22D0F00878C45 /* NectarViewUITests.xctest */;
			productType = "com.apple.product-type.bundle.ui-testing";
		};
/* End PBXNativeTarget section */

/* Begin PBXProject section */
		D0AABEB62CA22D0E00878C45 /* Project object */ = {
			isa = PBXProject;
			attributes = {
				BuildIndependentTargetsInParallel = 1;
				LastSwiftUpdateCheck = 1540;
				LastUpgradeCheck = 1540;
				TargetAttributes = {
					D0AABEBD2CA22D0E00878C45 = {
						CreatedOnToolsVersion = 15.4;
					};
					D0AABED02CA22D0F00878C45 = {
						CreatedOnToolsVersion = 15.4;
						TestTargetID = D0AABEBD2CA22D0E00878C45;
					};
					D0AABEDA2CA22D0F00878C45 = {
						CreatedOnToolsVersion = 15.4;
						TestTargetID = D0AABEBD2CA22D0E00878C45;
					};
				};
			};
			buildConfigurationList = D0AABEB92CA22D0E00878C45 /* Build configuration list for PBXProject "NectarView" */;
			compatibilityVersion = "Xcode 14.0";
			developmentRegion = en;
			hasScannedForEncodings = 0;
			knownRegions = (
				en,
				Base,
			);
			mainGroup = D0AABEB52CA22D0E00878C45;
			packageReferences = (
				D0AABEEE2CA22E1700878C45 /* XCRemoteSwiftPackageReference "SDWebImageSwiftUI" */,
				D07E8B142CA2448F00C7E124 /* XCRemoteSwiftPackageReference "ZIPFoundation" */,
			);
			productRefGroup = D0AABEBF2CA22D0E00878C45 /* Products */;
			projectDirPath = "";
			projectRoot = "";
			targets = (
				D0AABEBD2CA22D0E00878C45 /* NectarView */,
				D0AABED02CA22D0F00878C45 /* NectarViewTests */,
				D0AABEDA2CA22D0F00878C45 /* NectarViewUITests */,
			);
		};
/* End PBXProject section */

/* Begin PBXResourcesBuildPhase section */
		D0AABEBC2CA22D0E00878C45 /* Resources */ = {
			isa = PBXResourcesBuildPhase;
			buildActionMask = 2147483647;
			files = (
				D0AABECB2CA22D0F00878C45 /* Preview Assets.xcassets in Resources */,
				D0AABEC82CA22D0F00878C45 /* Assets.xcassets in Resources */,
			);
			runOnlyForDeploymentPostprocessing = 0;
		};
		D0AABECF2CA22D0F00878C45 /* Resources */ = {
			isa = PBXResourcesBuildPhase;
			buildActionMask = 2147483647;
			files = (
			);
			runOnlyForDeploymentPostprocessing = 0;
		};
		D0AABED92CA22D0F00878C45 /* Resources */ = {
			isa = PBXResourcesBuildPhase;
			buildActionMask = 2147483647;
			files = (
			);
			runOnlyForDeploymentPostprocessing = 0;
		};
/* End PBXResourcesBuildPhase section */

/* Begin PBXSourcesBuildPhase section */
		D0AABEBA2CA22D0E00878C45 /* Sources */ = {
			isa = PBXSourcesBuildPhase;
			buildActionMask = 2147483647;
			files = (
				D0AABEC42CA22D0E00878C45 /* ContentView.swift in Sources */,
				D0AABEC62CA22D0E00878C45 /* Item.swift in Sources */,
				D07E8B2A2CA2597400C7E124 /* AppSettings.swift in Sources */,
				D07E8B1E2CA249D600C7E124 /* KeyboardHandler.swift in Sources */,
				D07E8B282CA24E2F00C7E124 /* CustomSliderView.swift in Sources */,
				D07E8B232CA249D600C7E124 /* NectarViewApp.swift in Sources */,
				D07E8B242CA249D600C7E124 /* ContentView+Menus.swift in Sources */,
				D07E8B222CA249D600C7E124 /* ImageLoader.swift in Sources */,
				D07E8B1F2CA249D600C7E124 /* SliderView.swift in Sources */,
				D07E8B2C2CA2598E00C7E124 /* SettingsView.swift in Sources */,
			);
			runOnlyForDeploymentPostprocessing = 0;
		};
		D0AABECD2CA22D0F00878C45 /* Sources */ = {
			isa = PBXSourcesBuildPhase;
			buildActionMask = 2147483647;
			files = (
				D0AABED62CA22D0F00878C45 /* NectarViewTests.swift in Sources */,
			);
			runOnlyForDeploymentPostprocessing = 0;
		};
		D0AABED72CA22D0F00878C45 /* Sources */ = {
			isa = PBXSourcesBuildPhase;
			buildActionMask = 2147483647;
			files = (
				D0AABEE22CA22D0F00878C45 /* NectarViewUITestsLaunchTests.swift in Sources */,
				D0AABEE02CA22D0F00878C45 /* NectarViewUITests.swift in Sources */,
			);
			runOnlyForDeploymentPostprocessing = 0;
		};
/* End PBXSourcesBuildPhase section */

/* Begin PBXTargetDependency section */
		D0AABED32CA22D0F00878C45 /* PBXTargetDependency */ = {
			isa = PBXTargetDependency;
			target = D0AABEBD2CA22D0E00878C45 /* NectarView */;
			targetProxy = D0AABED22CA22D0F00878C45 /* PBXContainerItemProxy */;
		};
		D0AABEDD2CA22D0F00878C45 /* PBXTargetDependency */ = {
			isa = PBXTargetDependency;
			target = D0AABEBD2CA22D0E00878C45 /* NectarView */;
			targetProxy = D0AABEDC2CA22D0F00878C45 /* PBXContainerItemProxy */;
		};
/* End PBXTargetDependency section */

/* Begin XCBuildConfiguration section */
		D0AABEE32CA22D0F00878C45 /* Debug */ = {
			isa = XCBuildConfiguration;
			buildSettings = {
				ALWAYS_SEARCH_USER_PATHS = NO;
				ASSETCATALOG_COMPILER_GENERATE_SWIFT_ASSET_SYMBOL_EXTENSIONS = YES;
				CLANG_ANALYZER_NONNULL = YES;
				CLANG_ANALYZER_NUMBER_OBJECT_CONVERSION = YES_AGGRESSIVE;
				CLANG_CXX_LANGUAGE_STANDARD = "gnu++20";
				CLANG_ENABLE_MODULES = YES;
				CLANG_ENABLE_OBJC_ARC = YES;
				CLANG_ENABLE_OBJC_WEAK = YES;
				CLANG_WARN_BLOCK_CAPTURE_AUTORELEASING = YES;
				CLANG_WARN_BOOL_CONVERSION = YES;
				CLANG_WARN_COMMA = YES;
				CLANG_WARN_CONSTANT_CONVERSION = YES;
				CLANG_WARN_DEPRECATED_OBJC_IMPLEMENTATIONS = YES;
				CLANG_WARN_DIRECT_OBJC_ISA_USAGE = YES_ERROR;
				CLANG_WARN_DOCUMENTATION_COMMENTS = YES;
				CLANG_WARN_EMPTY_BODY = YES;
				CLANG_WARN_ENUM_CONVERSION = YES;
				CLANG_WARN_INFINITE_RECURSION = YES;
				CLANG_WARN_INT_CONVERSION = YES;
				CLANG_WARN_NON_LITERAL_NULL_CONVERSION = YES;
				CLANG_WARN_OBJC_IMPLICIT_RETAIN_SELF = YES;
				CLANG_WARN_OBJC_LITERAL_CONVERSION = YES;
				CLANG_WARN_OBJC_ROOT_CLASS = YES_ERROR;
				CLANG_WARN_QUOTED_INCLUDE_IN_FRAMEWORK_HEADER = YES;
				CLANG_WARN_RANGE_LOOP_ANALYSIS = YES;
				CLANG_WARN_STRICT_PROTOTYPES = YES;
				CLANG_WARN_SUSPICIOUS_MOVE = YES;
				CLANG_WARN_UNGUARDED_AVAILABILITY = YES_AGGRESSIVE;
				CLANG_WARN_UNREACHABLE_CODE = YES;
				CLANG_WARN__DUPLICATE_METHOD_MATCH = YES;
				COPY_PHASE_STRIP = NO;
				DEBUG_INFORMATION_FORMAT = dwarf;
				ENABLE_STRICT_OBJC_MSGSEND = YES;
				ENABLE_TESTABILITY = YES;
				ENABLE_USER_SCRIPT_SANDBOXING = YES;
				GCC_C_LANGUAGE_STANDARD = gnu17;
				GCC_DYNAMIC_NO_PIC = NO;
				GCC_NO_COMMON_BLOCKS = YES;
				GCC_OPTIMIZATION_LEVEL = 0;
				GCC_PREPROCESSOR_DEFINITIONS = (
					"DEBUG=1",
					"$(inherited)",
				);
				GCC_WARN_64_TO_32_BIT_CONVERSION = YES;
				GCC_WARN_ABOUT_RETURN_TYPE = YES_ERROR;
				GCC_WARN_UNDECLARED_SELECTOR = YES;
				GCC_WARN_UNINITIALIZED_AUTOS = YES_AGGRESSIVE;
				GCC_WARN_UNUSED_FUNCTION = YES;
				GCC_WARN_UNUSED_VARIABLE = YES;
				LOCALIZATION_PREFERS_STRING_CATALOGS = YES;
				MACOSX_DEPLOYMENT_TARGET = 14.5;
				MTL_ENABLE_DEBUG_INFO = INCLUDE_SOURCE;
				MTL_FAST_MATH = YES;
				ONLY_ACTIVE_ARCH = YES;
				SDKROOT = macosx;
				SWIFT_ACTIVE_COMPILATION_CONDITIONS = "DEBUG $(inherited)";
				SWIFT_OPTIMIZATION_LEVEL = "-Onone";
			};
			name = Debug;
		};
		D0AABEE42CA22D0F00878C45 /* Release */ = {
			isa = XCBuildConfiguration;
			buildSettings = {
				ALWAYS_SEARCH_USER_PATHS = NO;
				ASSETCATALOG_COMPILER_GENERATE_SWIFT_ASSET_SYMBOL_EXTENSIONS = YES;
				CLANG_ANALYZER_NONNULL = YES;
				CLANG_ANALYZER_NUMBER_OBJECT_CONVERSION = YES_AGGRESSIVE;
				CLANG_CXX_LANGUAGE_STANDARD = "gnu++20";
				CLANG_ENABLE_MODULES = YES;
				CLANG_ENABLE_OBJC_ARC = YES;
				CLANG_ENABLE_OBJC_WEAK = YES;
				CLANG_WARN_BLOCK_CAPTURE_AUTORELEASING = YES;
				CLANG_WARN_BOOL_CONVERSION = YES;
				CLANG_WARN_COMMA = YES;
				CLANG_WARN_CONSTANT_CONVERSION = YES;
				CLANG_WARN_DEPRECATED_OBJC_IMPLEMENTATIONS = YES;
				CLANG_WARN_DIRECT_OBJC_ISA_USAGE = YES_ERROR;
				CLANG_WARN_DOCUMENTATION_COMMENTS = YES;
				CLANG_WARN_EMPTY_BODY = YES;
				CLANG_WARN_ENUM_CONVERSION = YES;
				CLANG_WARN_INFINITE_RECURSION = YES;
				CLANG_WARN_INT_CONVERSION = YES;
				CLANG_WARN_NON_LITERAL_NULL_CONVERSION = YES;
				CLANG_WARN_OBJC_IMPLICIT_RETAIN_SELF = YES;
				CLANG_WARN_OBJC_LITERAL_CONVERSION = YES;
				CLANG_WARN_OBJC_ROOT_CLASS = YES_ERROR;
				CLANG_WARN_QUOTED_INCLUDE_IN_FRAMEWORK_HEADER = YES;
				CLANG_WARN_RANGE_LOOP_ANALYSIS = YES;
				CLANG_WARN_STRICT_PROTOTYPES = YES;
				CLANG_WARN_SUSPICIOUS_MOVE = YES;
				CLANG_WARN_UNGUARDED_AVAILABILITY = YES_AGGRESSIVE;
				CLANG_WARN_UNREACHABLE_CODE = YES;
				CLANG_WARN__DUPLICATE_METHOD_MATCH = YES;
				COPY_PHASE_STRIP = NO;
				DEBUG_INFORMATION_FORMAT = "dwarf-with-dsym";
				ENABLE_NS_ASSERTIONS = NO;
				ENABLE_STRICT_OBJC_MSGSEND = YES;
				ENABLE_USER_SCRIPT_SANDBOXING = YES;
				GCC_C_LANGUAGE_STANDARD = gnu17;
				GCC_NO_COMMON_BLOCKS = YES;
				GCC_WARN_64_TO_32_BIT_CONVERSION = YES;
				GCC_WARN_ABOUT_RETURN_TYPE = YES_ERROR;
				GCC_WARN_UNDECLARED_SELECTOR = YES;
				GCC_WARN_UNINITIALIZED_AUTOS = YES_AGGRESSIVE;
				GCC_WARN_UNUSED_FUNCTION = YES;
				GCC_WARN_UNUSED_VARIABLE = YES;
				LOCALIZATION_PREFERS_STRING_CATALOGS = YES;
				MACOSX_DEPLOYMENT_TARGET = 14.5;
				MTL_ENABLE_DEBUG_INFO = NO;
				MTL_FAST_MATH = YES;
				SDKROOT = macosx;
				SWIFT_COMPILATION_MODE = wholemodule;
			};
			name = Release;
		};
		D0AABEE62CA22D0F00878C45 /* Debug */ = {
			isa = XCBuildConfiguration;
			buildSettings = {
				ASSETCATALOG_COMPILER_APPICON_NAME = AppIcon;
				ASSETCATALOG_COMPILER_GLOBAL_ACCENT_COLOR_NAME = AccentColor;
				ASSETCATALOG_COMPILER_INCLUDE_ALL_APPICON_ASSETS = NO;
				CODE_SIGN_ENTITLEMENTS = NectarView/NectarView.entitlements;
				CODE_SIGN_STYLE = Automatic;
				COMBINE_HIDPI_IMAGES = YES;
				CURRENT_PROJECT_VERSION = 1;
				DEVELOPMENT_ASSET_PATHS = "\"NectarView/Preview Content\"";
				DEVELOPMENT_TEAM = MJ5P76RQHU;
				ENABLE_HARDENED_RUNTIME = YES;
				ENABLE_PREVIEWS = YES;
				GENERATE_INFOPLIST_FILE = YES;
				INFOPLIST_KEY_NSHumanReadableCopyright = "";
				LD_RUNPATH_SEARCH_PATHS = (
					"$(inherited)",
					"@executable_path/../Frameworks",
				);
				MACOSX_DEPLOYMENT_TARGET = 14.0;
				MARKETING_VERSION = 1.0;
				PRODUCT_BUNDLE_IDENTIFIER = dev.kuma.NectarView;
				PRODUCT_NAME = "$(TARGET_NAME)";
				SWIFT_EMIT_LOC_STRINGS = YES;
				SWIFT_VERSION = 5.0;
			};
			name = Debug;
		};
		D0AABEE72CA22D0F00878C45 /* Release */ = {
			isa = XCBuildConfiguration;
			buildSettings = {
				ASSETCATALOG_COMPILER_APPICON_NAME = AppIcon;
				ASSETCATALOG_COMPILER_GLOBAL_ACCENT_COLOR_NAME = AccentColor;
				ASSETCATALOG_COMPILER_INCLUDE_ALL_APPICON_ASSETS = NO;
				CODE_SIGN_ENTITLEMENTS = NectarView/NectarView.entitlements;
				CODE_SIGN_STYLE = Automatic;
				COMBINE_HIDPI_IMAGES = YES;
				CURRENT_PROJECT_VERSION = 1;
				DEVELOPMENT_ASSET_PATHS = "\"NectarView/Preview Content\"";
				DEVELOPMENT_TEAM = MJ5P76RQHU;
				ENABLE_HARDENED_RUNTIME = YES;
				ENABLE_PREVIEWS = YES;
				GENERATE_INFOPLIST_FILE = YES;
				INFOPLIST_KEY_NSHumanReadableCopyright = "";
				LD_RUNPATH_SEARCH_PATHS = (
					"$(inherited)",
					"@executable_path/../Frameworks",
				);
				MACOSX_DEPLOYMENT_TARGET = 14.0;
				MARKETING_VERSION = 1.0;
				PRODUCT_BUNDLE_IDENTIFIER = dev.kuma.NectarView;
				PRODUCT_NAME = "$(TARGET_NAME)";
				SWIFT_EMIT_LOC_STRINGS = YES;
				SWIFT_VERSION = 5.0;
			};
			name = Release;
		};
		D0AABEE92CA22D0F00878C45 /* Debug */ = {
			isa = XCBuildConfiguration;
			buildSettings = {
				ALWAYS_EMBED_SWIFT_STANDARD_LIBRARIES = YES;
				BUNDLE_LOADER = "$(TEST_HOST)";
				CODE_SIGN_STYLE = Automatic;
				CURRENT_PROJECT_VERSION = 1;
				DEVELOPMENT_TEAM = MJ5P76RQHU;
				GENERATE_INFOPLIST_FILE = YES;
				MACOSX_DEPLOYMENT_TARGET = 14.0;
				MARKETING_VERSION = 1.0;
				PRODUCT_BUNDLE_IDENTIFIER = dev.kuma.NectarViewTests;
				PRODUCT_NAME = "$(TARGET_NAME)";
				SWIFT_EMIT_LOC_STRINGS = NO;
				SWIFT_VERSION = 5.0;
				TEST_HOST = "$(BUILT_PRODUCTS_DIR)/NectarView.app/$(BUNDLE_EXECUTABLE_FOLDER_PATH)/NectarView";
			};
			name = Debug;
		};
		D0AABEEA2CA22D0F00878C45 /* Release */ = {
			isa = XCBuildConfiguration;
			buildSettings = {
				ALWAYS_EMBED_SWIFT_STANDARD_LIBRARIES = YES;
				BUNDLE_LOADER = "$(TEST_HOST)";
				CODE_SIGN_STYLE = Automatic;
				CURRENT_PROJECT_VERSION = 1;
				DEVELOPMENT_TEAM = MJ5P76RQHU;
				GENERATE_INFOPLIST_FILE = YES;
				MACOSX_DEPLOYMENT_TARGET = 14.0;
				MARKETING_VERSION = 1.0;
				PRODUCT_BUNDLE_IDENTIFIER = dev.kuma.NectarViewTests;
				PRODUCT_NAME = "$(TARGET_NAME)";
				SWIFT_EMIT_LOC_STRINGS = NO;
				SWIFT_VERSION = 5.0;
				TEST_HOST = "$(BUILT_PRODUCTS_DIR)/NectarView.app/$(BUNDLE_EXECUTABLE_FOLDER_PATH)/NectarView";
			};
			name = Release;
		};
		D0AABEEC2CA22D0F00878C45 /* Debug */ = {
			isa = XCBuildConfiguration;
			buildSettings = {
				ALWAYS_EMBED_SWIFT_STANDARD_LIBRARIES = YES;
				CODE_SIGN_STYLE = Automatic;
				CURRENT_PROJECT_VERSION = 1;
				DEVELOPMENT_TEAM = MJ5P76RQHU;
				GENERATE_INFOPLIST_FILE = YES;
				MARKETING_VERSION = 1.0;
				PRODUCT_BUNDLE_IDENTIFIER = dev.kuma.NectarViewUITests;
				PRODUCT_NAME = "$(TARGET_NAME)";
				SWIFT_EMIT_LOC_STRINGS = NO;
				SWIFT_VERSION = 5.0;
				TEST_TARGET_NAME = NectarView;
			};
			name = Debug;
		};
		D0AABEED2CA22D0F00878C45 /* Release */ = {
			isa = XCBuildConfiguration;
			buildSettings = {
				ALWAYS_EMBED_SWIFT_STANDARD_LIBRARIES = YES;
				CODE_SIGN_STYLE = Automatic;
				CURRENT_PROJECT_VERSION = 1;
				DEVELOPMENT_TEAM = MJ5P76RQHU;
				GENERATE_INFOPLIST_FILE = YES;
				MARKETING_VERSION = 1.0;
				PRODUCT_BUNDLE_IDENTIFIER = dev.kuma.NectarViewUITests;
				PRODUCT_NAME = "$(TARGET_NAME)";
				SWIFT_EMIT_LOC_STRINGS = NO;
				SWIFT_VERSION = 5.0;
				TEST_TARGET_NAME = NectarView;
			};
			name = Release;
		};
/* End XCBuildConfiguration section */

/* Begin XCConfigurationList section */
		D0AABEB92CA22D0E00878C45 /* Build configuration list for PBXProject "NectarView" */ = {
			isa = XCConfigurationList;
			buildConfigurations = (
				D0AABEE32CA22D0F00878C45 /* Debug */,
				D0AABEE42CA22D0F00878C45 /* Release */,
			);
			defaultConfigurationIsVisible = 0;
			defaultConfigurationName = Release;
		};
		D0AABEE52CA22D0F00878C45 /* Build configuration list for PBXNativeTarget "NectarView" */ = {
			isa = XCConfigurationList;
			buildConfigurations = (
				D0AABEE62CA22D0F00878C45 /* Debug */,
				D0AABEE72CA22D0F00878C45 /* Release */,
			);
			defaultConfigurationIsVisible = 0;
			defaultConfigurationName = Release;
		};
		D0AABEE82CA22D0F00878C45 /* Build configuration list for PBXNativeTarget "NectarViewTests" */ = {
			isa = XCConfigurationList;
			buildConfigurations = (
				D0AABEE92CA22D0F00878C45 /* Debug */,
				D0AABEEA2CA22D0F00878C45 /* Release */,
			);
			defaultConfigurationIsVisible = 0;
			defaultConfigurationName = Release;
		};
		D0AABEEB2CA22D0F00878C45 /* Build configuration list for PBXNativeTarget "NectarViewUITests" */ = {
			isa = XCConfigurationList;
			buildConfigurations = (
				D0AABEEC2CA22D0F00878C45 /* Debug */,
				D0AABEED2CA22D0F00878C45 /* Release */,
			);
			defaultConfigurationIsVisible = 0;
			defaultConfigurationName = Release;
		};
/* End XCConfigurationList section */

/* Begin XCRemoteSwiftPackageReference section */
		D07E8B142CA2448F00C7E124 /* XCRemoteSwiftPackageReference "ZIPFoundation" */ = {
			isa = XCRemoteSwiftPackageReference;
			repositoryURL = "https://github.com/weichsel/ZIPFoundation.git";
			requirement = {
				kind = upToNextMajorVersion;
				minimumVersion = 0.9.19;
			};
		};
		D0AABEEE2CA22E1700878C45 /* XCRemoteSwiftPackageReference "SDWebImageSwiftUI" */ = {
			isa = XCRemoteSwiftPackageReference;
			repositoryURL = "https://github.com/SDWebImage/SDWebImageSwiftUI";
			requirement = {
				kind = upToNextMajorVersion;
				minimumVersion = 3.1.2;
			};
		};
/* End XCRemoteSwiftPackageReference section */

/* Begin XCSwiftPackageProductDependency section */
		D07E8B0F2CA22E8B00C7E124 /* SDWebImageSwiftUI */ = {
			isa = XCSwiftPackageProductDependency;
			package = D0AABEEE2CA22E1700878C45 /* XCRemoteSwiftPackageReference "SDWebImageSwiftUI" */;
			productName = SDWebImageSwiftUI;
		};
		D07E8B152CA2449000C7E124 /* ZIPFoundation */ = {
			isa = XCSwiftPackageProductDependency;
			package = D07E8B142CA2448F00C7E124 /* XCRemoteSwiftPackageReference "ZIPFoundation" */;
			productName = ZIPFoundation;
		};
/* End XCSwiftPackageProductDependency section */
	};
	rootObject = D0AABEB62CA22D0E00878C45 /* Project object */;
}
