// !$*UTF8*$!
{
	archiveVersion = 1;
	classes = {
	};
	objectVersion = 56;
	objects = {

/* Begin PBXBuildFile section */
		D00E7DF62CC1B756007F3578 /* CustomTabView.swift in Sources */ = {isa = PBXBuildFile; fileRef = D00E7DF52CC1B756007F3578 /* CustomTabView.swift */; };
		D00E7DF82CC1BB6C007F3578 /* Info.plist in Resources */ = {isa = PBXBuildFile; fileRef = D00E7DF72CC1BB6C007F3578 /* Info.plist */; };
		D00E7DFC2CC1C3DB007F3578 /* HelpView.swift in Sources */ = {isa = PBXBuildFile; fileRef = D00E7DFA2CC1C3DB007F3578 /* HelpView.swift */; };
		D029CFA92CAC5E6500D2080C /* FileUtil.swift in Sources */ = {isa = PBXBuildFile; fileRef = D029CFA82CAC5E6500D2080C /* FileUtil.swift */; };
		D029CFAC2CAC5F2000D2080C /* ArchiveUtil.swift in Sources */ = {isa = PBXBuildFile; fileRef = D029CFAB2CAC5F2000D2080C /* ArchiveUtil.swift */; };
		D029CFAE2CAC5FE100D2080C /* ErrorUtil.swift in Sources */ = {isa = PBXBuildFile; fileRef = D029CFAD2CAC5FE100D2080C /* ErrorUtil.swift */; };
		D0468D882CACCE170053E7F0 /* BookmarkManager.swift in Sources */ = {isa = PBXBuildFile; fileRef = D0468D872CACCE170053E7F0 /* BookmarkManager.swift */; };
		D04E2F482CAAEE4A000B45AD /* ImageLoaderTests.swift in Sources */ = {isa = PBXBuildFile; fileRef = D04E2F472CAAEE4A000B45AD /* ImageLoaderTests.swift */; };
		D07E8B102CA22E8B00C7E124 /* SDWebImageSwiftUI in Frameworks */ = {isa = PBXBuildFile; productRef = D07E8B0F2CA22E8B00C7E124 /* SDWebImageSwiftUI */; };
		D07E8B162CA2449000C7E124 /* ZIPFoundation in Frameworks */ = {isa = PBXBuildFile; productRef = D07E8B152CA2449000C7E124 /* ZIPFoundation */; };
		D07E8B1E2CA249D600C7E124 /* KeyboardHandler.swift in Sources */ = {isa = PBXBuildFile; fileRef = D07E8B172CA249D600C7E124 /* KeyboardHandler.swift */; };
		D07E8B222CA249D600C7E124 /* ImageLoader.swift in Sources */ = {isa = PBXBuildFile; fileRef = D07E8B1B2CA249D600C7E124 /* ImageLoader.swift */; };
		D07E8B232CA249D600C7E124 /* App.swift in Sources */ = {isa = PBXBuildFile; fileRef = D07E8B1C2CA249D600C7E124 /* App.swift */; };
		D07E8B2A2CA2597400C7E124 /* AppSettings.swift in Sources */ = {isa = PBXBuildFile; fileRef = D07E8B292CA2597400C7E124 /* AppSettings.swift */; };
		D07E8B2C2CA2598E00C7E124 /* SettingsView.swift in Sources */ = {isa = PBXBuildFile; fileRef = D07E8B2B2CA2598E00C7E124 /* SettingsView.swift */; };
		D08EF19C2CAB142F00301FA8 /* NSColor+.swift in Sources */ = {isa = PBXBuildFile; fileRef = D08EF19B2CAB142F00301FA8 /* NSColor+.swift */; };
		D08EF1CE2CAB228200301FA8 /* BottomControlView.swift in Sources */ = {isa = PBXBuildFile; fileRef = D08EF1CD2CAB228200301FA8 /* BottomControlView.swift */; };
		D08EF1D02CAB22B000301FA8 /* TopControlsView.swift in Sources */ = {isa = PBXBuildFile; fileRef = D08EF1CF2CAB22B000301FA8 /* TopControlsView.swift */; };
		D08EF1D22CAB22D200301FA8 /* ImageDisplayView.swift in Sources */ = {isa = PBXBuildFile; fileRef = D08EF1D12CAB22D200301FA8 /* ImageDisplayView.swift */; };
		D08EF1DA2CAB25F100301FA8 /* SliderPreviewView.swift in Sources */ = {isa = PBXBuildFile; fileRef = D08EF1D92CAB25F100301FA8 /* SliderPreviewView.swift */; };
		D08EF1DC2CAB261B00301FA8 /* WindowAccessor.swift in Sources */ = {isa = PBXBuildFile; fileRef = D08EF1DB2CAB261B00301FA8 /* WindowAccessor.swift */; };
		D08EF1DE2CAB26BE00301FA8 /* ContextMenu.swift in Sources */ = {isa = PBXBuildFile; fileRef = D08EF1DD2CAB26BE00301FA8 /* ContextMenu.swift */; };
		D0AABEC42CA22D0E00878C45 /* ContentView.swift in Sources */ = {isa = PBXBuildFile; fileRef = D0AABEC32CA22D0E00878C45 /* ContentView.swift */; };
		D0AABEC82CA22D0F00878C45 /* Assets.xcassets in Resources */ = {isa = PBXBuildFile; fileRef = D0AABEC72CA22D0F00878C45 /* Assets.xcassets */; };
		D0AABED62CA22D0F00878C45 /* NectarViewTests.swift in Sources */ = {isa = PBXBuildFile; fileRef = D0AABED52CA22D0F00878C45 /* NectarViewTests.swift */; };
		D0B295C32CD19809007C3AAF /* SidebarView.swift in Sources */ = {isa = PBXBuildFile; fileRef = D0B295C22CD19809007C3AAF /* SidebarView.swift */; };
		D0B295C62CD19874007C3AAF /* ImageLoaderWithRealFilesTests.swift in Sources */ = {isa = PBXBuildFile; fileRef = D0B295C42CD19873007C3AAF /* ImageLoaderWithRealFilesTests.swift */; };
		D0B295C72CD19874007C3AAF /* ImageLoaderBookmarkTests.swift in Sources */ = {isa = PBXBuildFile; fileRef = D0B295C52CD19873007C3AAF /* ImageLoaderBookmarkTests.swift */; };
		D0B295CD2CD19879007C3AAF /* TestData.zip in Resources */ = {isa = PBXBuildFile; fileRef = D0B295C82CD19878007C3AAF /* TestData.zip */; };
		D0B295CE2CD19879007C3AAF /* image1.png in Resources */ = {isa = PBXBuildFile; fileRef = D0B295C92CD19878007C3AAF /* image1.png */; };
		D0B295CF2CD19879007C3AAF /* image2.png in Resources */ = {isa = PBXBuildFile; fileRef = D0B295CA2CD19878007C3AAF /* image2.png */; };
		D0B295D02CD19879007C3AAF /* image3.png in Resources */ = {isa = PBXBuildFile; fileRef = D0B295CB2CD19878007C3AAF /* image3.png */; };
		D0C2823C2CA85B5F0095D414 /* AppDelegate.swift in Sources */ = {isa = PBXBuildFile; fileRef = D0C2823B2CA85B5F0095D414 /* AppDelegate.swift */; };
		D0C282402CA865300095D414 /* Localizable.xcstrings in Resources */ = {isa = PBXBuildFile; fileRef = D0C2823F2CA865300095D414 /* Localizable.xcstrings */; };
		D0C282422CA8D6E50095D414 /* InstantTooltip.swift in Sources */ = {isa = PBXBuildFile; fileRef = D0C282412CA8D6E50095D414 /* InstantTooltip.swift */; };
		D0C282482CAA61F50095D414 /* BookmarkListView.swift in Sources */ = {isa = PBXBuildFile; fileRef = D0C282472CAA61F50095D414 /* BookmarkListView.swift */; };
		D0C451482CAC89C50057CDD5 /* NectarViewUITests.swift in Sources */ = {isa = PBXBuildFile; fileRef = D0C451432CAC89950057CDD5 /* NectarViewUITests.swift */; };
		D0C451492CAC89D10057CDD5 /* NectarViewUITestsLaunchTests.swift in Sources */ = {isa = PBXBuildFile; fileRef = D0C451442CAC89950057CDD5 /* NectarViewUITestsLaunchTests.swift */; };
		D0C4514D2CAC930E0057CDD5 /* ViewMode.swift in Sources */ = {isa = PBXBuildFile; fileRef = D0C4514C2CAC930E0057CDD5 /* ViewMode.swift */; };
/* End PBXBuildFile section */

/* Begin PBXContainerItemProxy section */
		D0AABED22CA22D0F00878C45 /* PBXContainerItemProxy */ = {
			isa = PBXContainerItemProxy;
			containerPortal = D0AABEB62CA22D0E00878C45 /* Project object */;
			proxyType = 1;
			remoteGlobalIDString = D0AABEBD2CA22D0E00878C45;
			remoteInfo = NectarView;
		};
		D0AABEDC2CA22D0F00878C45 /* PBXContainerItemProxy */ = {
			isa = PBXContainerItemProxy;
			containerPortal = D0AABEB62CA22D0E00878C45 /* Project object */;
			proxyType = 1;
			remoteGlobalIDString = D0AABEBD2CA22D0E00878C45;
			remoteInfo = NectarView;
		};
/* End PBXContainerItemProxy section */

/* Begin PBXFileReference section */
		D00E7DF52CC1B756007F3578 /* CustomTabView.swift */ = {isa = PBXFileReference; fileEncoding = 4; lastKnownFileType = sourcecode.swift; path = CustomTabView.swift; sourceTree = "<group>"; };
		D00E7DF72CC1BB6C007F3578 /* Info.plist */ = {isa = PBXFileReference; fileEncoding = 4; lastKnownFileType = text.plist.xml; path = Info.plist; sourceTree = "<group>"; };
		D00E7DFA2CC1C3DB007F3578 /* HelpView.swift */ = {isa = PBXFileReference; fileEncoding = 4; lastKnownFileType = sourcecode.swift; path = HelpView.swift; sourceTree = "<group>"; };
		D029CFA82CAC5E6500D2080C /* FileUtil.swift */ = {isa = PBXFileReference; fileEncoding = 4; lastKnownFileType = sourcecode.swift; path = FileUtil.swift; sourceTree = "<group>"; };
		D029CFAB2CAC5F2000D2080C /* ArchiveUtil.swift */ = {isa = PBXFileReference; lastKnownFileType = sourcecode.swift; path = ArchiveUtil.swift; sourceTree = "<group>"; };
		D029CFAD2CAC5FE100D2080C /* ErrorUtil.swift */ = {isa = PBXFileReference; fileEncoding = 4; lastKnownFileType = sourcecode.swift; path = ErrorUtil.swift; sourceTree = "<group>"; };
		D0468D872CACCE170053E7F0 /* BookmarkManager.swift */ = {isa = PBXFileReference; lastKnownFileType = sourcecode.swift; path = BookmarkManager.swift; sourceTree = "<group>"; };
		D04E2F472CAAEE4A000B45AD /* ImageLoaderTests.swift */ = {isa = PBXFileReference; fileEncoding = 4; lastKnownFileType = sourcecode.swift; path = ImageLoaderTests.swift; sourceTree = "<group>"; };
		D07E8B172CA249D600C7E124 /* KeyboardHandler.swift */ = {isa = PBXFileReference; fileEncoding = 4; lastKnownFileType = sourcecode.swift; path = KeyboardHandler.swift; sourceTree = "<group>"; };
		D07E8B1B2CA249D600C7E124 /* ImageLoader.swift */ = {isa = PBXFileReference; fileEncoding = 4; lastKnownFileType = sourcecode.swift; path = ImageLoader.swift; sourceTree = "<group>"; };
		D07E8B1C2CA249D600C7E124 /* App.swift */ = {isa = PBXFileReference; fileEncoding = 4; lastKnownFileType = sourcecode.swift; path = App.swift; sourceTree = "<group>"; };
		D07E8B292CA2597400C7E124 /* AppSettings.swift */ = {isa = PBXFileReference; fileEncoding = 4; lastKnownFileType = sourcecode.swift; path = AppSettings.swift; sourceTree = "<group>"; };
		D07E8B2B2CA2598E00C7E124 /* SettingsView.swift */ = {isa = PBXFileReference; fileEncoding = 4; lastKnownFileType = sourcecode.swift; path = SettingsView.swift; sourceTree = "<group>"; };
		D08EF19B2CAB142F00301FA8 /* NSColor+.swift */ = {isa = PBXFileReference; lastKnownFileType = sourcecode.swift; path = "NSColor+.swift"; sourceTree = "<group>"; };
		D08EF1CD2CAB228200301FA8 /* BottomControlView.swift */ = {isa = PBXFileReference; lastKnownFileType = sourcecode.swift; path = BottomControlView.swift; sourceTree = "<group>"; };
		D08EF1CF2CAB22B000301FA8 /* TopControlsView.swift */ = {isa = PBXFileReference; lastKnownFileType = sourcecode.swift; path = TopControlsView.swift; sourceTree = "<group>"; };
		D08EF1D12CAB22D200301FA8 /* ImageDisplayView.swift */ = {isa = PBXFileReference; lastKnownFileType = sourcecode.swift; path = ImageDisplayView.swift; sourceTree = "<group>"; };
		D08EF1D92CAB25F100301FA8 /* SliderPreviewView.swift */ = {isa = PBXFileReference; lastKnownFileType = sourcecode.swift; path = SliderPreviewView.swift; sourceTree = "<group>"; };
		D08EF1DB2CAB261B00301FA8 /* WindowAccessor.swift */ = {isa = PBXFileReference; lastKnownFileType = sourcecode.swift; path = WindowAccessor.swift; sourceTree = "<group>"; };
		D08EF1DD2CAB26BE00301FA8 /* ContextMenu.swift */ = {isa = PBXFileReference; lastKnownFileType = sourcecode.swift; path = ContextMenu.swift; sourceTree = "<group>"; };
		D0AABEBE2CA22D0E00878C45 /* NectarView.app */ = {isa = PBXFileReference; explicitFileType = wrapper.application; includeInIndex = 0; path = NectarView.app; sourceTree = BUILT_PRODUCTS_DIR; };
		D0AABEC32CA22D0E00878C45 /* ContentView.swift */ = {isa = PBXFileReference; lastKnownFileType = sourcecode.swift; path = ContentView.swift; sourceTree = "<group>"; };
		D0AABEC72CA22D0F00878C45 /* Assets.xcassets */ = {isa = PBXFileReference; lastKnownFileType = folder.assetcatalog; path = Assets.xcassets; sourceTree = "<group>"; };
		D0AABECC2CA22D0F00878C45 /* NectarView.entitlements */ = {isa = PBXFileReference; lastKnownFileType = text.plist.entitlements; path = NectarView.entitlements; sourceTree = "<group>"; };
		D0AABED12CA22D0F00878C45 /* NectarViewTests.xctest */ = {isa = PBXFileReference; explicitFileType = wrapper.cfbundle; includeInIndex = 0; path = NectarViewTests.xctest; sourceTree = BUILT_PRODUCTS_DIR; };
		D0AABED52CA22D0F00878C45 /* NectarViewTests.swift */ = {isa = PBXFileReference; lastKnownFileType = sourcecode.swift; path = NectarViewTests.swift; sourceTree = "<group>"; };
		D0AABEDB2CA22D0F00878C45 /* NectarViewUITests.xctest */ = {isa = PBXFileReference; explicitFileType = wrapper.cfbundle; includeInIndex = 0; path = NectarViewUITests.xctest; sourceTree = BUILT_PRODUCTS_DIR; };
		D0B295C22CD19809007C3AAF /* SidebarView.swift */ = {isa = PBXFileReference; fileEncoding = 4; lastKnownFileType = sourcecode.swift; path = SidebarView.swift; sourceTree = "<group>"; };
		D0B295C42CD19873007C3AAF /* ImageLoaderWithRealFilesTests.swift */ = {isa = PBXFileReference; fileEncoding = 4; lastKnownFileType = sourcecode.swift; path = ImageLoaderWithRealFilesTests.swift; sourceTree = "<group>"; };
		D0B295C52CD19873007C3AAF /* ImageLoaderBookmarkTests.swift */ = {isa = PBXFileReference; fileEncoding = 4; lastKnownFileType = sourcecode.swift; path = ImageLoaderBookmarkTests.swift; sourceTree = "<group>"; };
		D0B295C82CD19878007C3AAF /* TestData.zip */ = {isa = PBXFileReference; lastKnownFileType = archive.zip; path = TestData.zip; sourceTree = "<group>"; };
		D0B295C92CD19878007C3AAF /* image1.png */ = {isa = PBXFileReference; lastKnownFileType = image.png; path = image1.png; sourceTree = "<group>"; };
		D0B295CA2CD19878007C3AAF /* image2.png */ = {isa = PBXFileReference; lastKnownFileType = image.png; path = image2.png; sourceTree = "<group>"; };
		D0B295CB2CD19878007C3AAF /* image3.png */ = {isa = PBXFileReference; lastKnownFileType = image.png; path = image3.png; sourceTree = "<group>"; };
		D0C2823B2CA85B5F0095D414 /* AppDelegate.swift */ = {isa = PBXFileReference; lastKnownFileType = sourcecode.swift; path = AppDelegate.swift; sourceTree = "<group>"; };
		D0C2823F2CA865300095D414 /* Localizable.xcstrings */ = {isa = PBXFileReference; lastKnownFileType = text.json.xcstrings; path = Localizable.xcstrings; sourceTree = "<group>"; };
		D0C282412CA8D6E50095D414 /* InstantTooltip.swift */ = {isa = PBXFileReference; fileEncoding = 4; lastKnownFileType = sourcecode.swift; path = InstantTooltip.swift; sourceTree = "<group>"; };
		D0C282472CAA61F50095D414 /* BookmarkListView.swift */ = {isa = PBXFileReference; fileEncoding = 4; lastKnownFileType = sourcecode.swift; path = BookmarkListView.swift; sourceTree = "<group>"; };
		D0C451432CAC89950057CDD5 /* NectarViewUITests.swift */ = {isa = PBXFileReference; fileEncoding = 4; lastKnownFileType = sourcecode.swift; path = NectarViewUITests.swift; sourceTree = "<group>"; };
		D0C451442CAC89950057CDD5 /* NectarViewUITestsLaunchTests.swift */ = {isa = PBXFileReference; fileEncoding = 4; lastKnownFileType = sourcecode.swift; path = NectarViewUITestsLaunchTests.swift; sourceTree = "<group>"; };
		D0C4514C2CAC930E0057CDD5 /* ViewMode.swift */ = {isa = PBXFileReference; lastKnownFileType = sourcecode.swift; path = ViewMode.swift; sourceTree = "<group>"; };
/* End PBXFileReference section */

/* Begin PBXFrameworksBuildPhase section */
		D0AABEBB2CA22D0E00878C45 /* Frameworks */ = {
			isa = PBXFrameworksBuildPhase;
			buildActionMask = 2147483647;
			files = (
				D07E8B102CA22E8B00C7E124 /* SDWebImageSwiftUI in Frameworks */,
				D07E8B162CA2449000C7E124 /* ZIPFoundation in Frameworks */,
			);
			runOnlyForDeploymentPostprocessing = 0;
		};
		D0AABECE2CA22D0F00878C45 /* Frameworks */ = {
			isa = PBXFrameworksBuildPhase;
			buildActionMask = 2147483647;
			files = (
			);
			runOnlyForDeploymentPostprocessing = 0;
		};
		D0AABED82CA22D0F00878C45 /* Frameworks */ = {
			isa = PBXFrameworksBuildPhase;
			buildActionMask = 2147483647;
			files = (
			);
			runOnlyForDeploymentPostprocessing = 0;
		};
/* End PBXFrameworksBuildPhase section */

/* Begin PBXGroup section */
		D00E7DFB2CC1C3DB007F3578 /* Help */ = {
			isa = PBXGroup;
			children = (
				D00E7DFA2CC1C3DB007F3578 /* HelpView.swift */,
			);
			path = Help;
			sourceTree = "<group>";
		};
		D029CFAA2CAC5ED400D2080C /* Util */ = {
			isa = PBXGroup;
			children = (
				D029CFA82CAC5E6500D2080C /* FileUtil.swift */,
				D029CFAD2CAC5FE100D2080C /* ErrorUtil.swift */,
				D029CFAB2CAC5F2000D2080C /* ArchiveUtil.swift */,
			);
			path = Util;
			sourceTree = "<group>";
		};
		D08EF19D2CAB143800301FA8 /* Foundation */ = {
			isa = PBXGroup;
			children = (
				D00E7DF52CC1B756007F3578 /* CustomTabView.swift */,
				D08EF19B2CAB142F00301FA8 /* NSColor+.swift */,
				D08EF1DB2CAB261B00301FA8 /* WindowAccessor.swift */,
			);
			path = Foundation;
			sourceTree = "<group>";
		};
		D08EF1D32CAB22E100301FA8 /* Main */ = {
			isa = PBXGroup;
			children = (
				D08EF1D62CAB235C00301FA8 /* Components */,
				D0AABEC32CA22D0E00878C45 /* ContentView.swift */,
				D08EF1DD2CAB26BE00301FA8 /* ContextMenu.swift */,
				D07E8B1B2CA249D600C7E124 /* ImageLoader.swift */,
				D0C4514C2CAC930E0057CDD5 /* ViewMode.swift */,
				D07E8B172CA249D600C7E124 /* KeyboardHandler.swift */,
			);
			path = Main;
			sourceTree = "<group>";
		};
		D08EF1D42CAB22F600301FA8 /* Settings */ = {
			isa = PBXGroup;
			children = (
				D07E8B292CA2597400C7E124 /* AppSettings.swift */,
				D07E8B2B2CA2598E00C7E124 /* SettingsView.swift */,
			);
			path = Settings;
			sourceTree = "<group>";
		};
		D08EF1D62CAB235C00301FA8 /* Components */ = {
			isa = PBXGroup;
			children = (
				D08EF1CF2CAB22B000301FA8 /* TopControlsView.swift */,
				D0B295C22CD19809007C3AAF /* SidebarView.swift */,
				D08EF1D12CAB22D200301FA8 /* ImageDisplayView.swift */,
				D08EF1CD2CAB228200301FA8 /* BottomControlView.swift */,
				D08EF1D92CAB25F100301FA8 /* SliderPreviewView.swift */,
				D0C282412CA8D6E50095D414 /* InstantTooltip.swift */,
			);
			path = Components;
			sourceTree = "<group>";
		};
		D08EF1D72CAB236F00301FA8 /* Bookmarks */ = {
			isa = PBXGroup;
			children = (
				D0C282472CAA61F50095D414 /* BookmarkListView.swift */,
				D0468D872CACCE170053E7F0 /* BookmarkManager.swift */,
			);
			path = Bookmarks;
			sourceTree = "<group>";
		};
		D0AABEB52CA22D0E00878C45 = {
			isa = PBXGroup;
			children = (
				D0AABEC02CA22D0E00878C45 /* NectarView */,
				D0AABED42CA22D0F00878C45 /* NectarViewTests */,
				D0C451452CAC89950057CDD5 /* NectarViewUITests */,
				D0AABEBF2CA22D0E00878C45 /* Products */,
			);
			sourceTree = "<group>";
		};
		D0AABEBF2CA22D0E00878C45 /* Products */ = {
			isa = PBXGroup;
			children = (
				D0AABEBE2CA22D0E00878C45 /* NectarView.app */,
				D0AABED12CA22D0F00878C45 /* NectarViewTests.xctest */,
				D0AABEDB2CA22D0F00878C45 /* NectarViewUITests.xctest */,
			);
			name = Products;
			sourceTree = "<group>";
		};
		D0AABEC02CA22D0E00878C45 /* NectarView */ = {
			isa = PBXGroup;
			children = (
				D00E7DFB2CC1C3DB007F3578 /* Help */,
				D029CFAA2CAC5ED400D2080C /* Util */,
				D08EF19D2CAB143800301FA8 /* Foundation */,
				D08EF1D32CAB22E100301FA8 /* Main */,
				D08EF1D42CAB22F600301FA8 /* Settings */,
				D08EF1D72CAB236F00301FA8 /* Bookmarks */,
				D07E8B1C2CA249D600C7E124 /* App.swift */,
				D00E7DF72CC1BB6C007F3578 /* Info.plist */,
				D0C2823B2CA85B5F0095D414 /* AppDelegate.swift */,
				D0C2823F2CA865300095D414 /* Localizable.xcstrings */,
				D0AABEC72CA22D0F00878C45 /* Assets.xcassets */,
				D0AABECC2CA22D0F00878C45 /* NectarView.entitlements */,
			);
			path = NectarView;
			sourceTree = "<group>";
		};
		D0AABED42CA22D0F00878C45 /* NectarViewTests */ = {
			isa = PBXGroup;
			children = (
				D0B295CC2CD19878007C3AAF /* TestData */,
				D0B295C82CD19878007C3AAF /* TestData.zip */,
				D0B295C52CD19873007C3AAF /* ImageLoaderBookmarkTests.swift */,
				D0B295C42CD19873007C3AAF /* ImageLoaderWithRealFilesTests.swift */,
				D0AABED52CA22D0F00878C45 /* NectarViewTests.swift */,
				D04E2F472CAAEE4A000B45AD /* ImageLoaderTests.swift */,
			);
			path = NectarViewTests;
			sourceTree = "<group>";
		};
		D0B295CC2CD19878007C3AAF /* TestData */ = {
			isa = PBXGroup;
			children = (
				D0B295C92CD19878007C3AAF /* image1.png */,
				D0B295CA2CD19878007C3AAF /* image2.png */,
				D0B295CB2CD19878007C3AAF /* image3.png */,
			);
			path = TestData;
			sourceTree = "<group>";
		};
		D0C451452CAC89950057CDD5 /* NectarViewUITests */ = {
			isa = PBXGroup;
			children = (
				D0C451432CAC89950057CDD5 /* NectarViewUITests.swift */,
				D0C451442CAC89950057CDD5 /* NectarViewUITestsLaunchTests.swift */,
			);
			path = NectarViewUITests;
			sourceTree = "<group>";
		};
/* End PBXGroup section */

/* Begin PBXNativeTarget section */
		D0AABEBD2CA22D0E00878C45 /* NectarView */ = {
			isa = PBXNativeTarget;
			buildConfigurationList = D0AABEE52CA22D0F00878C45 /* Build configuration list for PBXNativeTarget "NectarView" */;
			buildPhases = (
				D0AABEBA2CA22D0E00878C45 /* Sources */,
				D0AABEBB2CA22D0E00878C45 /* Frameworks */,
				D0AABEBC2CA22D0E00878C45 /* Resources */,
			);
			buildRules = (
			);
			dependencies = (
			);
			name = NectarView;
			packageProductDependencies = (
				D07E8B0F2CA22E8B00C7E124 /* SDWebImageSwiftUI */,
				D07E8B152CA2449000C7E124 /* ZIPFoundation */,
			);
			productName = NectarView;
			productReference = D0AABEBE2CA22D0E00878C45 /* NectarView.app */;
			productType = "com.apple.product-type.application";
		};
		D0AABED02CA22D0F00878C45 /* NectarViewTests */ = {
			isa = PBXNativeTarget;
			buildConfigurationList = D0AABEE82CA22D0F00878C45 /* Build configuration list for PBXNativeTarget "NectarViewTests" */;
			buildPhases = (
				D0AABECD2CA22D0F00878C45 /* Sources */,
				D0AABECE2CA22D0F00878C45 /* Frameworks */,
				D0AABECF2CA22D0F00878C45 /* Resources */,
			);
			buildRules = (
			);
			dependencies = (
				D0AABED32CA22D0F00878C45 /* PBXTargetDependency */,
			);
			name = NectarViewTests;
			productName = NectarViewTests;
			productReference = D0AABED12CA22D0F00878C45 /* NectarViewTests.xctest */;
			productType = "com.apple.product-type.bundle.unit-test";
		};
		D0AABEDA2CA22D0F00878C45 /* NectarViewUITests */ = {
			isa = PBXNativeTarget;
			buildConfigurationList = D0AABEEB2CA22D0F00878C45 /* Build configuration list for PBXNativeTarget "NectarViewUITests" */;
			buildPhases = (
				D0AABED72CA22D0F00878C45 /* Sources */,
				D0AABED82CA22D0F00878C45 /* Frameworks */,
				D0AABED92CA22D0F00878C45 /* Resources */,
			);
			buildRules = (
			);
			dependencies = (
				D0AABEDD2CA22D0F00878C45 /* PBXTargetDependency */,
			);
			name = NectarViewUITests;
			productName = NectarViewUITests;
			productReference = D0AABEDB2CA22D0F00878C45 /* NectarViewUITests.xctest */;
			productType = "com.apple.product-type.bundle.ui-testing";
		};
/* End PBXNativeTarget section */

/* Begin PBXProject section */
		D0AABEB62CA22D0E00878C45 /* Project object */ = {
			isa = PBXProject;
			attributes = {
				BuildIndependentTargetsInParallel = 1;
				LastSwiftUpdateCheck = 1540;
				LastUpgradeCheck = 1540;
				TargetAttributes = {
					D0AABEBD2CA22D0E00878C45 = {
						CreatedOnToolsVersion = 15.4;
					};
					D0AABED02CA22D0F00878C45 = {
						CreatedOnToolsVersion = 15.4;
						TestTargetID = D0AABEBD2CA22D0E00878C45;
					};
					D0AABEDA2CA22D0F00878C45 = {
						CreatedOnToolsVersion = 15.4;
						TestTargetID = D0AABEBD2CA22D0E00878C45;
					};
				};
			};
			buildConfigurationList = D0AABEB92CA22D0E00878C45 /* Build configuration list for PBXProject "NectarView" */;
			compatibilityVersion = "Xcode 14.0";
			developmentRegion = en;
			hasScannedForEncodings = 0;
			knownRegions = (
				en,
				ja,
				Base,
			);
			mainGroup = D0AABEB52CA22D0E00878C45;
			packageReferences = (
				D0AABEEE2CA22E1700878C45 /* XCRemoteSwiftPackageReference "SDWebImageSwiftUI" */,
				D07E8B142CA2448F00C7E124 /* XCRemoteSwiftPackageReference "ZIPFoundation" */,
			);
			productRefGroup = D0AABEBF2CA22D0E00878C45 /* Products */;
			projectDirPath = "";
			projectRoot = "";
			targets = (
				D0AABEBD2CA22D0E00878C45 /* NectarView */,
				D0AABED02CA22D0F00878C45 /* NectarViewTests */,
				D0AABEDA2CA22D0F00878C45 /* NectarViewUITests */,
			);
		};
/* End PBXProject section */

/* Begin PBXResourcesBuildPhase section */
		D0AABEBC2CA22D0E00878C45 /* Resources */ = {
			isa = PBXResourcesBuildPhase;
			buildActionMask = 2147483647;
			files = (
				D0AABEC82CA22D0F00878C45 /* Assets.xcassets in Resources */,
				D0C282402CA865300095D414 /* Localizable.xcstrings in Resources */,
				D00E7DF82CC1BB6C007F3578 /* Info.plist in Resources */,
			);
			runOnlyForDeploymentPostprocessing = 0;
		};
		D0AABECF2CA22D0F00878C45 /* Resources */ = {
			isa = PBXResourcesBuildPhase;
			buildActionMask = 2147483647;
			files = (
				D0B295CD2CD19879007C3AAF /* TestData.zip in Resources */,
				D0B295CE2CD19879007C3AAF /* image1.png in Resources */,
				D0B295CF2CD19879007C3AAF /* image2.png in Resources */,
				D0B295D02CD19879007C3AAF /* image3.png in Resources */,
			);
			runOnlyForDeploymentPostprocessing = 0;
		};
		D0AABED92CA22D0F00878C45 /* Resources */ = {
			isa = PBXResourcesBuildPhase;
			buildActionMask = 2147483647;
			files = (
			);
			runOnlyForDeploymentPostprocessing = 0;
		};
/* End PBXResourcesBuildPhase section */

/* Begin PBXSourcesBuildPhase section */
		D0AABEBA2CA22D0E00878C45 /* Sources */ = {
			isa = PBXSourcesBuildPhase;
			buildActionMask = 2147483647;
			files = (
				D029CFA92CAC5E6500D2080C /* FileUtil.swift in Sources */,
				D08EF1DA2CAB25F100301FA8 /* SliderPreviewView.swift in Sources */,
				D029CFAE2CAC5FE100D2080C /* ErrorUtil.swift in Sources */,
				D0C282422CA8D6E50095D414 /* InstantTooltip.swift in Sources */,
				D0AABEC42CA22D0E00878C45 /* ContentView.swift in Sources */,
				D08EF1D02CAB22B000301FA8 /* TopControlsView.swift in Sources */,
				D07E8B2A2CA2597400C7E124 /* AppSettings.swift in Sources */,
				D00E7DF62CC1B756007F3578 /* CustomTabView.swift in Sources */,
				D029CFAC2CAC5F2000D2080C /* ArchiveUtil.swift in Sources */,
				D0468D882CACCE170053E7F0 /* BookmarkManager.swift in Sources */,
				D08EF19C2CAB142F00301FA8 /* NSColor+.swift in Sources */,
				D0C4514D2CAC930E0057CDD5 /* ViewMode.swift in Sources */,
				D08EF1DE2CAB26BE00301FA8 /* ContextMenu.swift in Sources */,
				D07E8B1E2CA249D600C7E124 /* KeyboardHandler.swift in Sources */,
				D08EF1D22CAB22D200301FA8 /* ImageDisplayView.swift in Sources */,
				D0C282482CAA61F50095D414 /* BookmarkListView.swift in Sources */,
				D08EF1CE2CAB228200301FA8 /* BottomControlView.swift in Sources */,
				D0B295C32CD19809007C3AAF /* SidebarView.swift in Sources */,
				D07E8B232CA249D600C7E124 /* App.swift in Sources */,
				D07E8B222CA249D600C7E124 /* ImageLoader.swift in Sources */,
				D08EF1DC2CAB261B00301FA8 /* WindowAccessor.swift in Sources */,
				D0C2823C2CA85B5F0095D414 /* AppDelegate.swift in Sources */,
				D07E8B2C2CA2598E00C7E124 /* SettingsView.swift in Sources */,
				D00E7DFC2CC1C3DB007F3578 /* HelpView.swift in Sources */,
			);
			runOnlyForDeploymentPostprocessing = 0;
		};
		D0AABECD2CA22D0F00878C45 /* Sources */ = {
			isa = PBXSourcesBuildPhase;
			buildActionMask = 2147483647;
			files = (
				D0B295C72CD19874007C3AAF /* ImageLoaderBookmarkTests.swift in Sources */,
				D0B295C62CD19874007C3AAF /* ImageLoaderWithRealFilesTests.swift in Sources */,
				D04E2F482CAAEE4A000B45AD /* ImageLoaderTests.swift in Sources */,
				D0AABED62CA22D0F00878C45 /* NectarViewTests.swift in Sources */,
			);
			runOnlyForDeploymentPostprocessing = 0;
		};
		D0AABED72CA22D0F00878C45 /* Sources */ = {
			isa = PBXSourcesBuildPhase;
			buildActionMask = 2147483647;
			files = (
				D0C451492CAC89D10057CDD5 /* NectarViewUITestsLaunchTests.swift in Sources */,
				D0C451482CAC89C50057CDD5 /* NectarViewUITests.swift in Sources */,
			);
			runOnlyForDeploymentPostprocessing = 0;
		};
/* End PBXSourcesBuildPhase section */

/* Begin PBXTargetDependency section */
		D0AABED32CA22D0F00878C45 /* PBXTargetDependency */ = {
			isa = PBXTargetDependency;
			target = D0AABEBD2CA22D0E00878C45 /* NectarView */;
			targetProxy = D0AABED22CA22D0F00878C45 /* PBXContainerItemProxy */;
		};
		D0AABEDD2CA22D0F00878C45 /* PBXTargetDependency */ = {
			isa = PBXTargetDependency;
			target = D0AABEBD2CA22D0E00878C45 /* NectarView */;
			targetProxy = D0AABEDC2CA22D0F00878C45 /* PBXContainerItemProxy */;
		};
/* End PBXTargetDependency section */

/* Begin XCBuildConfiguration section */
		D0AABEE32CA22D0F00878C45 /* Debug */ = {
			isa = XCBuildConfiguration;
			buildSettings = {
				ALWAYS_SEARCH_USER_PATHS = NO;
				ASSETCATALOG_COMPILER_GENERATE_SWIFT_ASSET_SYMBOL_EXTENSIONS = YES;
				CLANG_ANALYZER_NONNULL = YES;
				CLANG_ANALYZER_NUMBER_OBJECT_CONVERSION = YES_AGGRESSIVE;
				CLANG_CXX_LANGUAGE_STANDARD = "gnu++20";
				CLANG_ENABLE_MODULES = YES;
				CLANG_ENABLE_OBJC_ARC = YES;
				CLANG_ENABLE_OBJC_WEAK = YES;
				CLANG_WARN_BLOCK_CAPTURE_AUTORELEASING = YES;
				CLANG_WARN_BOOL_CONVERSION = YES;
				CLANG_WARN_COMMA = YES;
				CLANG_WARN_CONSTANT_CONVERSION = YES;
				CLANG_WARN_DEPRECATED_OBJC_IMPLEMENTATIONS = YES;
				CLANG_WARN_DIRECT_OBJC_ISA_USAGE = YES_ERROR;
				CLANG_WARN_DOCUMENTATION_COMMENTS = YES;
				CLANG_WARN_EMPTY_BODY = YES;
				CLANG_WARN_ENUM_CONVERSION = YES;
				CLANG_WARN_INFINITE_RECURSION = YES;
				CLANG_WARN_INT_CONVERSION = YES;
				CLANG_WARN_NON_LITERAL_NULL_CONVERSION = YES;
				CLANG_WARN_OBJC_IMPLICIT_RETAIN_SELF = YES;
				CLANG_WARN_OBJC_LITERAL_CONVERSION = YES;
				CLANG_WARN_OBJC_ROOT_CLASS = YES_ERROR;
				CLANG_WARN_QUOTED_INCLUDE_IN_FRAMEWORK_HEADER = YES;
				CLANG_WARN_RANGE_LOOP_ANALYSIS = YES;
				CLANG_WARN_STRICT_PROTOTYPES = YES;
				CLANG_WARN_SUSPICIOUS_MOVE = YES;
				CLANG_WARN_UNGUARDED_AVAILABILITY = YES_AGGRESSIVE;
				CLANG_WARN_UNREACHABLE_CODE = YES;
				CLANG_WARN__DUPLICATE_METHOD_MATCH = YES;
				COPY_PHASE_STRIP = NO;
				DEBUG_INFORMATION_FORMAT = dwarf;
				ENABLE_STRICT_OBJC_MSGSEND = YES;
				ENABLE_TESTABILITY = YES;
				ENABLE_USER_SCRIPT_SANDBOXING = YES;
				GCC_C_LANGUAGE_STANDARD = gnu17;
				GCC_DYNAMIC_NO_PIC = NO;
				GCC_NO_COMMON_BLOCKS = YES;
				GCC_OPTIMIZATION_LEVEL = 0;
				GCC_PREPROCESSOR_DEFINITIONS = (
					"DEBUG=1",
					"$(inherited)",
				);
				GCC_WARN_64_TO_32_BIT_CONVERSION = YES;
				GCC_WARN_ABOUT_RETURN_TYPE = YES_ERROR;
				GCC_WARN_UNDECLARED_SELECTOR = YES;
				GCC_WARN_UNINITIALIZED_AUTOS = YES_AGGRESSIVE;
				GCC_WARN_UNUSED_FUNCTION = YES;
				GCC_WARN_UNUSED_VARIABLE = YES;
				INFOPLIST_FILE = NectarView/Info.plist;
				LOCALIZATION_PREFERS_STRING_CATALOGS = YES;
				MACOSX_DEPLOYMENT_TARGET = 14.5;
				MTL_ENABLE_DEBUG_INFO = INCLUDE_SOURCE;
				MTL_FAST_MATH = YES;
				ONLY_ACTIVE_ARCH = YES;
				SDKROOT = macosx;
				SWIFT_ACTIVE_COMPILATION_CONDITIONS = "DEBUG $(inherited)";
				SWIFT_OPTIMIZATION_LEVEL = "-Onone";
			};
			name = Debug;
		};
		D0AABEE42CA22D0F00878C45 /* Release */ = {
			isa = XCBuildConfiguration;
			buildSettings = {
				ALWAYS_SEARCH_USER_PATHS = NO;
				ASSETCATALOG_COMPILER_GENERATE_SWIFT_ASSET_SYMBOL_EXTENSIONS = YES;
				CLANG_ANALYZER_NONNULL = YES;
				CLANG_ANALYZER_NUMBER_OBJECT_CONVERSION = YES_AGGRESSIVE;
				CLANG_CXX_LANGUAGE_STANDARD = "gnu++20";
				CLANG_ENABLE_MODULES = YES;
				CLANG_ENABLE_OBJC_ARC = YES;
				CLANG_ENABLE_OBJC_WEAK = YES;
				CLANG_WARN_BLOCK_CAPTURE_AUTORELEASING = YES;
				CLANG_WARN_BOOL_CONVERSION = YES;
				CLANG_WARN_COMMA = YES;
				CLANG_WARN_CONSTANT_CONVERSION = YES;
				CLANG_WARN_DEPRECATED_OBJC_IMPLEMENTATIONS = YES;
				CLANG_WARN_DIRECT_OBJC_ISA_USAGE = YES_ERROR;
				CLANG_WARN_DOCUMENTATION_COMMENTS = YES;
				CLANG_WARN_EMPTY_BODY = YES;
				CLANG_WARN_ENUM_CONVERSION = YES;
				CLANG_WARN_INFINITE_RECURSION = YES;
				CLANG_WARN_INT_CONVERSION = YES;
				CLANG_WARN_NON_LITERAL_NULL_CONVERSION = YES;
				CLANG_WARN_OBJC_IMPLICIT_RETAIN_SELF = YES;
				CLANG_WARN_OBJC_LITERAL_CONVERSION = YES;
				CLANG_WARN_OBJC_ROOT_CLASS = YES_ERROR;
				CLANG_WARN_QUOTED_INCLUDE_IN_FRAMEWORK_HEADER = YES;
				CLANG_WARN_RANGE_LOOP_ANALYSIS = YES;
				CLANG_WARN_STRICT_PROTOTYPES = YES;
				CLANG_WARN_SUSPICIOUS_MOVE = YES;
				CLANG_WARN_UNGUARDED_AVAILABILITY = YES_AGGRESSIVE;
				CLANG_WARN_UNREACHABLE_CODE = YES;
				CLANG_WARN__DUPLICATE_METHOD_MATCH = YES;
				COPY_PHASE_STRIP = NO;
				DEBUG_INFORMATION_FORMAT = "dwarf-with-dsym";
				ENABLE_NS_ASSERTIONS = NO;
				ENABLE_STRICT_OBJC_MSGSEND = YES;
				ENABLE_USER_SCRIPT_SANDBOXING = YES;
				GCC_C_LANGUAGE_STANDARD = gnu17;
				GCC_NO_COMMON_BLOCKS = YES;
				GCC_WARN_64_TO_32_BIT_CONVERSION = YES;
				GCC_WARN_ABOUT_RETURN_TYPE = YES_ERROR;
				GCC_WARN_UNDECLARED_SELECTOR = YES;
				GCC_WARN_UNINITIALIZED_AUTOS = YES_AGGRESSIVE;
				GCC_WARN_UNUSED_FUNCTION = YES;
				GCC_WARN_UNUSED_VARIABLE = YES;
				INFOPLIST_FILE = NectarView/Info.plist;
				LOCALIZATION_PREFERS_STRING_CATALOGS = YES;
				MACOSX_DEPLOYMENT_TARGET = 14.5;
				MTL_ENABLE_DEBUG_INFO = NO;
				MTL_FAST_MATH = YES;
				SDKROOT = macosx;
				SWIFT_COMPILATION_MODE = wholemodule;
			};
			name = Release;
		};
		D0AABEE62CA22D0F00878C45 /* Debug */ = {
			isa = XCBuildConfiguration;
			buildSettings = {
				ASSETCATALOG_COMPILER_APPICON_NAME = AppIcon;
				ASSETCATALOG_COMPILER_GLOBAL_ACCENT_COLOR_NAME = AccentColor;
				ASSETCATALOG_COMPILER_INCLUDE_ALL_APPICON_ASSETS = NO;
				CODE_SIGN_ENTITLEMENTS = NectarView/NectarView.entitlements;
				CODE_SIGN_STYLE = Automatic;
				COMBINE_HIDPI_IMAGES = YES;
				CURRENT_PROJECT_VERSION = 1;
				DEVELOPMENT_ASSET_PATHS = "\"NectarView/Preview Content\"";
				DEVELOPMENT_TEAM = MJ5P76RQHU;
				ENABLE_HARDENED_RUNTIME = YES;
				ENABLE_PREVIEWS = YES;
				GENERATE_INFOPLIST_FILE = YES;
				INFOPLIST_KEY_NSHumanReadableCopyright = "";
				LD_RUNPATH_SEARCH_PATHS = (
					"$(inherited)",
					"@executable_path/../Frameworks",
				);
				MACOSX_DEPLOYMENT_TARGET = 14.0;
				MARKETING_VERSION = 1.0;
				PRODUCT_BUNDLE_IDENTIFIER = dev.kuma.NectarView;
				PRODUCT_NAME = "$(TARGET_NAME)";
				SWIFT_EMIT_LOC_STRINGS = YES;
				SWIFT_VERSION = 5.0;
			};
			name = Debug;
		};
		D0AABEE72CA22D0F00878C45 /* Release */ = {
			isa = XCBuildConfiguration;
			buildSettings = {
				ASSETCATALOG_COMPILER_APPICON_NAME = AppIcon;
				ASSETCATALOG_COMPILER_GLOBAL_ACCENT_COLOR_NAME = AccentColor;
				ASSETCATALOG_COMPILER_INCLUDE_ALL_APPICON_ASSETS = NO;
				CODE_SIGN_ENTITLEMENTS = NectarView/NectarView.entitlements;
				CODE_SIGN_STYLE = Automatic;
				COMBINE_HIDPI_IMAGES = YES;
				CURRENT_PROJECT_VERSION = 1;
				DEVELOPMENT_ASSET_PATHS = "\"NectarView/Preview Content\"";
				DEVELOPMENT_TEAM = MJ5P76RQHU;
				ENABLE_HARDENED_RUNTIME = YES;
				ENABLE_PREVIEWS = YES;
				GENERATE_INFOPLIST_FILE = YES;
				INFOPLIST_KEY_NSHumanReadableCopyright = "";
				LD_RUNPATH_SEARCH_PATHS = (
					"$(inherited)",
					"@executable_path/../Frameworks",
				);
				MACOSX_DEPLOYMENT_TARGET = 14.0;
				MARKETING_VERSION = 1.0;
				PRODUCT_BUNDLE_IDENTIFIER = dev.kuma.NectarView;
				PRODUCT_NAME = "$(TARGET_NAME)";
				SWIFT_EMIT_LOC_STRINGS = YES;
				SWIFT_VERSION = 5.0;
			};
			name = Release;
		};
		D0AABEE92CA22D0F00878C45 /* Debug */ = {
			isa = XCBuildConfiguration;
			buildSettings = {
				ALWAYS_EMBED_SWIFT_STANDARD_LIBRARIES = YES;
				BUNDLE_LOADER = "$(TEST_HOST)";
				CODE_SIGN_STYLE = Automatic;
				CURRENT_PROJECT_VERSION = 1;
				DEVELOPMENT_TEAM = MJ5P76RQHU;
				GENERATE_INFOPLIST_FILE = YES;
				MACOSX_DEPLOYMENT_TARGET = 14.0;
				MARKETING_VERSION = 1.0;
				PRODUCT_BUNDLE_IDENTIFIER = dev.kuma.NectarViewTests;
				PRODUCT_NAME = "$(TARGET_NAME)";
				SWIFT_EMIT_LOC_STRINGS = NO;
				SWIFT_VERSION = 5.0;
				TEST_HOST = "$(BUILT_PRODUCTS_DIR)/NectarView.app/$(BUNDLE_EXECUTABLE_FOLDER_PATH)/NectarView";
			};
			name = Debug;
		};
		D0AABEEA2CA22D0F00878C45 /* Release */ = {
			isa = XCBuildConfiguration;
			buildSettings = {
				ALWAYS_EMBED_SWIFT_STANDARD_LIBRARIES = YES;
				BUNDLE_LOADER = "$(TEST_HOST)";
				CODE_SIGN_STYLE = Automatic;
				CURRENT_PROJECT_VERSION = 1;
				DEVELOPMENT_TEAM = MJ5P76RQHU;
				GENERATE_INFOPLIST_FILE = YES;
				MACOSX_DEPLOYMENT_TARGET = 14.0;
				MARKETING_VERSION = 1.0;
				PRODUCT_BUNDLE_IDENTIFIER = dev.kuma.NectarViewTests;
				PRODUCT_NAME = "$(TARGET_NAME)";
				SWIFT_EMIT_LOC_STRINGS = NO;
				SWIFT_VERSION = 5.0;
				TEST_HOST = "$(BUILT_PRODUCTS_DIR)/NectarView.app/$(BUNDLE_EXECUTABLE_FOLDER_PATH)/NectarView";
			};
			name = Release;
		};
		D0AABEEC2CA22D0F00878C45 /* Debug */ = {
			isa = XCBuildConfiguration;
			buildSettings = {
				ALWAYS_EMBED_SWIFT_STANDARD_LIBRARIES = YES;
				CODE_SIGN_STYLE = Automatic;
				CURRENT_PROJECT_VERSION = 1;
				DEVELOPMENT_TEAM = MJ5P76RQHU;
				GENERATE_INFOPLIST_FILE = YES;
				MARKETING_VERSION = 1.0;
				PRODUCT_BUNDLE_IDENTIFIER = dev.kuma.NectarViewUITests;
				PRODUCT_NAME = "$(TARGET_NAME)";
				SWIFT_EMIT_LOC_STRINGS = NO;
				SWIFT_VERSION = 5.0;
				TEST_TARGET_NAME = NectarView;
			};
			name = Debug;
		};
		D0AABEED2CA22D0F00878C45 /* Release */ = {
			isa = XCBuildConfiguration;
			buildSettings = {
				ALWAYS_EMBED_SWIFT_STANDARD_LIBRARIES = YES;
				CODE_SIGN_STYLE = Automatic;
				CURRENT_PROJECT_VERSION = 1;
				DEVELOPMENT_TEAM = MJ5P76RQHU;
				GENERATE_INFOPLIST_FILE = YES;
				MARKETING_VERSION = 1.0;
				PRODUCT_BUNDLE_IDENTIFIER = dev.kuma.NectarViewUITests;
				PRODUCT_NAME = "$(TARGET_NAME)";
				SWIFT_EMIT_LOC_STRINGS = NO;
				SWIFT_VERSION = 5.0;
				TEST_TARGET_NAME = NectarView;
			};
			name = Release;
		};
/* End XCBuildConfiguration section */

/* Begin XCConfigurationList section */
		D0AABEB92CA22D0E00878C45 /* Build configuration list for PBXProject "NectarView" */ = {
			isa = XCConfigurationList;
			buildConfigurations = (
				D0AABEE32CA22D0F00878C45 /* Debug */,
				D0AABEE42CA22D0F00878C45 /* Release */,
			);
			defaultConfigurationIsVisible = 0;
			defaultConfigurationName = Release;
		};
		D0AABEE52CA22D0F00878C45 /* Build configuration list for PBXNativeTarget "NectarView" */ = {
			isa = XCConfigurationList;
			buildConfigurations = (
				D0AABEE62CA22D0F00878C45 /* Debug */,
				D0AABEE72CA22D0F00878C45 /* Release */,
			);
			defaultConfigurationIsVisible = 0;
			defaultConfigurationName = Release;
		};
		D0AABEE82CA22D0F00878C45 /* Build configuration list for PBXNativeTarget "NectarViewTests" */ = {
			isa = XCConfigurationList;
			buildConfigurations = (
				D0AABEE92CA22D0F00878C45 /* Debug */,
				D0AABEEA2CA22D0F00878C45 /* Release */,
			);
			defaultConfigurationIsVisible = 0;
			defaultConfigurationName = Release;
		};
		D0AABEEB2CA22D0F00878C45 /* Build configuration list for PBXNativeTarget "NectarViewUITests" */ = {
			isa = XCConfigurationList;
			buildConfigurations = (
				D0AABEEC2CA22D0F00878C45 /* Debug */,
				D0AABEED2CA22D0F00878C45 /* Release */,
			);
			defaultConfigurationIsVisible = 0;
			defaultConfigurationName = Release;
		};
/* End XCConfigurationList section */

/* Begin XCRemoteSwiftPackageReference section */
		D07E8B142CA2448F00C7E124 /* XCRemoteSwiftPackageReference "ZIPFoundation" */ = {
			isa = XCRemoteSwiftPackageReference;
			repositoryURL = "https://github.com/weichsel/ZIPFoundation.git";
			requirement = {
				kind = upToNextMajorVersion;
				minimumVersion = 0.9.19;
			};
		};
		D0AABEEE2CA22E1700878C45 /* XCRemoteSwiftPackageReference "SDWebImageSwiftUI" */ = {
			isa = XCRemoteSwiftPackageReference;
			repositoryURL = "https://github.com/SDWebImage/SDWebImageSwiftUI";
			requirement = {
				kind = upToNextMajorVersion;
				minimumVersion = 3.1.2;
			};
		};
/* End XCRemoteSwiftPackageReference section */

/* Begin XCSwiftPackageProductDependency section */
		D07E8B0F2CA22E8B00C7E124 /* SDWebImageSwiftUI */ = {
			isa = XCSwiftPackageProductDependency;
			package = D0AABEEE2CA22E1700878C45 /* XCRemoteSwiftPackageReference "SDWebImageSwiftUI" */;
			productName = SDWebImageSwiftUI;
		};
		D07E8B152CA2449000C7E124 /* ZIPFoundation */ = {
			isa = XCSwiftPackageProductDependency;
			package = D07E8B142CA2448F00C7E124 /* XCRemoteSwiftPackageReference "ZIPFoundation" */;
			productName = ZIPFoundation;
		};
/* End XCSwiftPackageProductDependency section */
	};
	rootObject = D0AABEB62CA22D0E00878C45 /* Project object */;
}
